
Microsoft Visual Studio Solution File, Format Version 12.00
# Visual Studio Version 16
VisualStudioVersion = 16.0.32002.261
MinimumVisualStudioVersion = 10.0.40219.1
Project("{FAE04EC0-301F-11D3-BF4B-00C04F79EFBC}") = "LegoMinifigures", "LegoMinifigures\LegoMinifigures.csproj", "{A2CAB809-3058-401F-AC89-39247BCB378A}"
EndProject
Global
	GlobalSection(SolutionConfigurationPlatforms) = preSolution
		Debug|Any CPU = Debug|Any CPU
		Release|Any CPU = Release|Any CPU
	EndGlobalSection
	GlobalSection(ProjectConfigurationPlatforms) = postSolution
		{A2CAB809-3058-401F-AC89-39247BCB378A}.Debug|Any CPU.ActiveCfg = Debug|Any CPU
		{A2CAB809-3058-401F-AC89-39247BCB378A}.Debug|Any CPU.Build.0 = Debug|Any CPU
		{A2CAB809-3058-401F-AC89-39247BCB378A}.Release|Any CPU.ActiveCfg = Release|Any CPU
		{A2CAB809-3058-401F-AC89-39247BCB378A}.Release|Any CPU.Build.0 = Release|Any CPU
	EndGlobalSection
	GlobalSection(SolutionProperties) = preSolution
		HideSolutionNode = FALSE
	EndGlobalSection
	GlobalSection(ExtensibilityGlobals) = postSolution
		SolutionGuid = {1C447209-CAC8-4815-A943-F4AF1243503B}
	EndGlobalSection
EndGlobal
